// !$*UTF8*$!
{
	archiveVersion = 1;
	classes = {
	};
	objectVersion = 48;
	objects = {

/* Begin PBXBuildFile section */
		CF5396BA205A7E2B0039445A /* WebViewController.swift in Sources */ = {isa = PBXBuildFile; fileRef = CF5396B9205A7E2B0039445A /* WebViewController.swift */; };
		CF5396BC205A855A0039445A /* Web.storyboard in Resources */ = {isa = PBXBuildFile; fileRef = CF5396BB205A855A0039445A /* Web.storyboard */; };
		CFCB55312059048400E4F720 /* AppDelegate.swift in Sources */ = {isa = PBXBuildFile; fileRef = CFCB55302059048400E4F720 /* AppDelegate.swift */; };
		CFCB55362059048400E4F720 /* Main.storyboard in Resources */ = {isa = PBXBuildFile; fileRef = CFCB55342059048400E4F720 /* Main.storyboard */; };
		CFCB55382059048400E4F720 /* Assets.xcassets in Resources */ = {isa = PBXBuildFile; fileRef = CFCB55372059048400E4F720 /* Assets.xcassets */; };
		CFCB553B2059048400E4F720 /* LaunchScreen.storyboard in Resources */ = {isa = PBXBuildFile; fileRef = CFCB55392059048400E4F720 /* LaunchScreen.storyboard */; };
		CFCB5557205922DE00E4F720 /* MainViewController.swift in Sources */ = {isa = PBXBuildFile; fileRef = CFCB5556205922DE00E4F720 /* MainViewController.swift */; };
		CFCB556020592EBA00E4F720 /* Screen.swift in Sources */ = {isa = PBXBuildFile; fileRef = CFCB555F20592EBA00E4F720 /* Screen.swift */; };
		CFCB556820594F3A00E4F720 /* CollectionViewController.swift in Sources */ = {isa = PBXBuildFile; fileRef = CFCB556720594F3A00E4F720 /* CollectionViewController.swift */; };
		CFCB556A20594F4900E4F720 /* Collection.storyboard in Resources */ = {isa = PBXBuildFile; fileRef = CFCB556920594F4900E4F720 /* Collection.storyboard */; };
/* End PBXBuildFile section */

/* Begin PBXFileReference section */
		CF5396B9205A7E2B0039445A /* WebViewController.swift */ = {isa = PBXFileReference; lastKnownFileType = sourcecode.swift; path = WebViewController.swift; sourceTree = "<group>"; };
		CF5396BB205A855A0039445A /* Web.storyboard */ = {isa = PBXFileReference; fileEncoding = 4; lastKnownFileType = file.storyboard; path = Web.storyboard; sourceTree = "<group>"; };
		CFCB552D2059048400E4F720 /* Harvard.app */ = {isa = PBXFileReference; explicitFileType = wrapper.application; includeInIndex = 0; path = Harvard.app; sourceTree = BUILT_PRODUCTS_DIR; };
		CFCB55302059048400E4F720 /* AppDelegate.swift */ = {isa = PBXFileReference; lastKnownFileType = sourcecode.swift; path = AppDelegate.swift; sourceTree = "<group>"; };
		CFCB55352059048400E4F720 /* Base */ = {isa = PBXFileReference; lastKnownFileType = file.storyboard; name = Base; path = Base.lproj/Main.storyboard; sourceTree = "<group>"; };
		CFCB55372059048400E4F720 /* Assets.xcassets */ = {isa = PBXFileReference; lastKnownFileType = folder.assetcatalog; path = Assets.xcassets; sourceTree = "<group>"; };
		CFCB553A2059048400E4F720 /* Base */ = {isa = PBXFileReference; lastKnownFileType = file.storyboard; name = Base; path = Base.lproj/LaunchScreen.storyboard; sourceTree = "<group>"; };
		CFCB553C2059048400E4F720 /* Info.plist */ = {isa = PBXFileReference; lastKnownFileType = text.plist.xml; path = Info.plist; sourceTree = "<group>"; };
		CFCB5556205922DE00E4F720 /* MainViewController.swift */ = {isa = PBXFileReference; lastKnownFileType = sourcecode.swift; name = MainViewController.swift; path = ../../../../harvard/Harvard/App/Controllers/MainViewController.swift; sourceTree = "<group>"; };
		CFCB555F20592EBA00E4F720 /* Screen.swift */ = {isa = PBXFileReference; lastKnownFileType = sourcecode.swift; path = Screen.swift; sourceTree = "<group>"; };
		CFCB556720594F3A00E4F720 /* CollectionViewController.swift */ = {isa = PBXFileReference; lastKnownFileType = sourcecode.swift; name = CollectionViewController.swift; path = ../../../../harvard/Harvard/Collection/Controllers/CollectionViewController.swift; sourceTree = "<group>"; };
		CFCB556920594F4900E4F720 /* Collection.storyboard */ = {isa = PBXFileReference; lastKnownFileType = file.storyboard; name = Collection.storyboard; path = ../../../../harvard/Harvard/Collection/Storyboards/Collection.storyboard; sourceTree = "<group>"; };
/* End PBXFileReference section */

/* Begin PBXFrameworksBuildPhase section */
		CFCB552A2059048400E4F720 /* Frameworks */ = {
			isa = PBXFrameworksBuildPhase;
			buildActionMask = 2147483647;
			files = (
			);
			runOnlyForDeploymentPostprocessing = 0;
		};
/* End PBXFrameworksBuildPhase section */

/* Begin PBXGroup section */
		CFCB55242059048400E4F720 = {
			isa = PBXGroup;
			children = (
				CFCB552F2059048400E4F720 /* Harvard */,
				CFCB552E2059048400E4F720 /* Products */,
			);
			sourceTree = "<group>";
		};
		CFCB552E2059048400E4F720 /* Products */ = {
			isa = PBXGroup;
			children = (
				CFCB552D2059048400E4F720 /* Harvard.app */,
			);
			name = Products;
			sourceTree = "<group>";
		};
		CFCB552F2059048400E4F720 /* Harvard */ = {
			isa = PBXGroup;
			children = (
				CFCB55422059055500E4F720 /* App */,
				CFCB556420594EB200E4F720 /* Collection */,
			);
			path = Harvard;
			sourceTree = "<group>";
		};
		CFCB55422059055500E4F720 /* App */ = {
			isa = PBXGroup;
			children = (
				CFCB555E20592C5500E4F720 /* Scenes */,
				CFCB5555205922A800E4F720 /* Controllers */,
				CFCB55452059057400E4F720 /* Storyboards */,
				CFCB55442059056A00E4F720 /* Resources */,
				CFCB55432059055B00E4F720 /* SupportingFiles */,
			);
			path = App;
			sourceTree = "<group>";
		};
		CFCB55432059055B00E4F720 /* SupportingFiles */ = {
			isa = PBXGroup;
			children = (
				CFCB553C2059048400E4F720 /* Info.plist */,
				CFCB55302059048400E4F720 /* AppDelegate.swift */,
			);
			path = SupportingFiles;
			sourceTree = "<group>";
		};
		CFCB55442059056A00E4F720 /* Resources */ = {
			isa = PBXGroup;
			children = (
				CFCB55372059048400E4F720 /* Assets.xcassets */,
			);
			path = Resources;
			sourceTree = "<group>";
		};
		CFCB55452059057400E4F720 /* Storyboards */ = {
			isa = PBXGroup;
			children = (
				CFCB55392059048400E4F720 /* LaunchScreen.storyboard */,
				CFCB55342059048400E4F720 /* Main.storyboard */,
				CF5396BB205A855A0039445A /* Web.storyboard */,
			);
			path = Storyboards;
			sourceTree = "<group>";
		};
		CFCB5555205922A800E4F720 /* Controllers */ = {
			isa = PBXGroup;
			children = (
				CFCB5556205922DE00E4F720 /* MainViewController.swift */,
				CF5396B9205A7E2B0039445A /* WebViewController.swift */,
			);
			path = Controllers;
			sourceTree = "<group>";
		};
		CFCB555E20592C5500E4F720 /* Scenes */ = {
			isa = PBXGroup;
			children = (
				CFCB555F20592EBA00E4F720 /* Screen.swift */,
			);
			path = Scenes;
			sourceTree = "<group>";
		};
		CFCB556420594EB200E4F720 /* Collection */ = {
			isa = PBXGroup;
			children = (
				CFCB556620594EE200E4F720 /* Controllers */,
				CFCB556520594ED200E4F720 /* Storyboards */,
			);
			path = Collection;
			sourceTree = "<group>";
		};
		CFCB556520594ED200E4F720 /* Storyboards */ = {
			isa = PBXGroup;
			children = (
				CFCB556920594F4900E4F720 /* Collection.storyboard */,
			);
			path = Storyboards;
			sourceTree = "<group>";
		};
		CFCB556620594EE200E4F720 /* Controllers */ = {
			isa = PBXGroup;
			children = (
				CFCB556720594F3A00E4F720 /* CollectionViewController.swift */,
			);
			path = Controllers;
			sourceTree = "<group>";
		};
/* End PBXGroup section */

/* Begin PBXNativeTarget section */
		CFCB552C2059048400E4F720 /* Harvard */ = {
			isa = PBXNativeTarget;
			buildConfigurationList = CFCB553F2059048400E4F720 /* Build configuration list for PBXNativeTarget "Harvard" */;
			buildPhases = (
				CFCB55292059048400E4F720 /* Sources */,
				CFCB552A2059048400E4F720 /* Frameworks */,
				CFCB552B2059048400E4F720 /* Resources */,
				CFCB55462059067200E4F720 /* Swiftlint */,
			);
			buildRules = (
			);
			dependencies = (
			);
			name = Harvard;
			productName = Harvard;
			productReference = CFCB552D2059048400E4F720 /* Harvard.app */;
			productType = "com.apple.product-type.application";
		};
/* End PBXNativeTarget section */

/* Begin PBXProject section */
		CFCB55252059048400E4F720 /* Project object */ = {
			isa = PBXProject;
			attributes = {
				LastSwiftUpdateCheck = 0920;
				LastUpgradeCheck = 0920;
				ORGANIZATIONNAME = Constantine;
				TargetAttributes = {
					CFCB552C2059048400E4F720 = {
						CreatedOnToolsVersion = 9.2;
						ProvisioningStyle = Automatic;
					};
				};
			};
			buildConfigurationList = CFCB55282059048400E4F720 /* Build configuration list for PBXProject "Harvard" */;
			compatibilityVersion = "Xcode 8.0";
			developmentRegion = en;
			hasScannedForEncodings = 0;
			knownRegions = (
				en,
				Base,
			);
			mainGroup = CFCB55242059048400E4F720;
			productRefGroup = CFCB552E2059048400E4F720 /* Products */;
			projectDirPath = "";
			projectRoot = "";
			targets = (
				CFCB552C2059048400E4F720 /* Harvard */,
			);
		};
/* End PBXProject section */

/* Begin PBXResourcesBuildPhase section */
		CFCB552B2059048400E4F720 /* Resources */ = {
			isa = PBXResourcesBuildPhase;
			buildActionMask = 2147483647;
			files = (
				CFCB553B2059048400E4F720 /* LaunchScreen.storyboard in Resources */,
				CFCB55382059048400E4F720 /* Assets.xcassets in Resources */,
				CF5396BC205A855A0039445A /* Web.storyboard in Resources */,
				CFCB55362059048400E4F720 /* Main.storyboard in Resources */,
				CFCB556A20594F4900E4F720 /* Collection.storyboard in Resources */,
			);
			runOnlyForDeploymentPostprocessing = 0;
		};
/* End PBXResourcesBuildPhase section */

/* Begin PBXShellScriptBuildPhase section */
		CFCB55462059067200E4F720 /* Swiftlint */ = {
			isa = PBXShellScriptBuildPhase;
			buildActionMask = 2147483647;
			files = (
			);
			inputPaths = (
			);
			name = Swiftlint;
			outputPaths = (
			);
			runOnlyForDeploymentPostprocessing = 0;
			shellPath = /bin/sh;
			shellScript = "if which swiftlint >/dev/null; then\nswiftlint\nelse\necho \"warning: SwiftLint not installed, download from https://github.com/realm/SwiftLint\"\nfi";
		};
/* End PBXShellScriptBuildPhase section */

/* Begin PBXSourcesBuildPhase section */
		CFCB55292059048400E4F720 /* Sources */ = {
			isa = PBXSourcesBuildPhase;
			buildActionMask = 2147483647;
			files = (
				CFCB55312059048400E4F720 /* AppDelegate.swift in Sources */,
				CFCB556020592EBA00E4F720 /* Screen.swift in Sources */,
				CFCB5557205922DE00E4F720 /* MainViewController.swift in Sources */,
				CFCB556820594F3A00E4F720 /* CollectionViewController.swift in Sources */,
				CF5396BA205A7E2B0039445A /* WebViewController.swift in Sources */,
			);
			runOnlyForDeploymentPostprocessing = 0;
		};
/* End PBXSourcesBuildPhase section */

/* Begin PBXVariantGroup section */
		CFCB55342059048400E4F720 /* Main.storyboard */ = {
			isa = PBXVariantGroup;
			children = (
				CFCB55352059048400E4F720 /* Base */,
			);
			name = Main.storyboard;
			sourceTree = "<group>";
		};
		CFCB55392059048400E4F720 /* LaunchScreen.storyboard */ = {
			isa = PBXVariantGroup;
			children = (
				CFCB553A2059048400E4F720 /* Base */,
			);
			name = LaunchScreen.storyboard;
			sourceTree = "<group>";
		};
/* End PBXVariantGroup section */

/* Begin XCBuildConfiguration section */
		CFCB553D2059048400E4F720 /* Debug */ = {
			isa = XCBuildConfiguration;
			buildSettings = {
				ALWAYS_SEARCH_USER_PATHS = NO;
				CLANG_ANALYZER_NONNULL = YES;
				CLANG_ANALYZER_NUMBER_OBJECT_CONVERSION = YES_AGGRESSIVE;
				CLANG_CXX_LANGUAGE_STANDARD = "gnu++14";
				CLANG_CXX_LIBRARY = "libc++";
				CLANG_ENABLE_MODULES = YES;
				CLANG_ENABLE_OBJC_ARC = YES;
				CLANG_WARN_BLOCK_CAPTURE_AUTORELEASING = YES;
				CLANG_WARN_BOOL_CONVERSION = YES;
				CLANG_WARN_COMMA = YES;
				CLANG_WARN_CONSTANT_CONVERSION = YES;
				CLANG_WARN_DIRECT_OBJC_ISA_USAGE = YES_ERROR;
				CLANG_WARN_DOCUMENTATION_COMMENTS = YES;
				CLANG_WARN_EMPTY_BODY = YES;
				CLANG_WARN_ENUM_CONVERSION = YES;
				CLANG_WARN_INFINITE_RECURSION = YES;
				CLANG_WARN_INT_CONVERSION = YES;
				CLANG_WARN_NON_LITERAL_NULL_CONVERSION = YES;
				CLANG_WARN_OBJC_LITERAL_CONVERSION = YES;
				CLANG_WARN_OBJC_ROOT_CLASS = YES_ERROR;
				CLANG_WARN_RANGE_LOOP_ANALYSIS = YES;
				CLANG_WARN_STRICT_PROTOTYPES = YES;
				CLANG_WARN_SUSPICIOUS_MOVE = YES;
				CLANG_WARN_UNGUARDED_AVAILABILITY = YES_AGGRESSIVE;
				CLANG_WARN_UNREACHABLE_CODE = YES;
				CLANG_WARN__DUPLICATE_METHOD_MATCH = YES;
				CODE_SIGN_IDENTITY = "iPhone Developer";
				COPY_PHASE_STRIP = NO;
				DEBUG_INFORMATION_FORMAT = dwarf;
				ENABLE_STRICT_OBJC_MSGSEND = YES;
				ENABLE_TESTABILITY = YES;
				GCC_C_LANGUAGE_STANDARD = gnu11;
				GCC_DYNAMIC_NO_PIC = NO;
				GCC_NO_COMMON_BLOCKS = YES;
				GCC_OPTIMIZATION_LEVEL = 0;
				GCC_PREPROCESSOR_DEFINITIONS = (
					"DEBUG=1",
					"$(inherited)",
				);
				GCC_WARN_64_TO_32_BIT_CONVERSION = YES;
				GCC_WARN_ABOUT_RETURN_TYPE = YES_ERROR;
				GCC_WARN_UNDECLARED_SELECTOR = YES;
				GCC_WARN_UNINITIALIZED_AUTOS = YES_AGGRESSIVE;
				GCC_WARN_UNUSED_FUNCTION = YES;
				GCC_WARN_UNUSED_VARIABLE = YES;
				IPHONEOS_DEPLOYMENT_TARGET = 11.0;
				MTL_ENABLE_DEBUG_INFO = YES;
				ONLY_ACTIVE_ARCH = YES;
				SDKROOT = iphoneos;
				SWIFT_ACTIVE_COMPILATION_CONDITIONS = DEBUG;
				SWIFT_OPTIMIZATION_LEVEL = "-Onone";
			};
			name = Debug;
		};
		CFCB553E2059048400E4F720 /* Release */ = {
			isa = XCBuildConfiguration;
			buildSettings = {
				ALWAYS_SEARCH_USER_PATHS = NO;
				CLANG_ANALYZER_NONNULL = YES;
				CLANG_ANALYZER_NUMBER_OBJECT_CONVERSION = YES_AGGRESSIVE;
				CLANG_CXX_LANGUAGE_STANDARD = "gnu++14";
				CLANG_CXX_LIBRARY = "libc++";
				CLANG_ENABLE_MODULES = YES;
				CLANG_ENABLE_OBJC_ARC = YES;
				CLANG_WARN_BLOCK_CAPTURE_AUTORELEASING = YES;
				CLANG_WARN_BOOL_CONVERSION = YES;
				CLANG_WARN_COMMA = YES;
				CLANG_WARN_CONSTANT_CONVERSION = YES;
				CLANG_WARN_DIRECT_OBJC_ISA_USAGE = YES_ERROR;
				CLANG_WARN_DOCUMENTATION_COMMENTS = YES;
				CLANG_WARN_EMPTY_BODY = YES;
				CLANG_WARN_ENUM_CONVERSION = YES;
				CLANG_WARN_INFINITE_RECURSION = YES;
				CLANG_WARN_INT_CONVERSION = YES;
				CLANG_WARN_NON_LITERAL_NULL_CONVERSION = YES;
				CLANG_WARN_OBJC_LITERAL_CONVERSION = YES;
				CLANG_WARN_OBJC_ROOT_CLASS = YES_ERROR;
				CLANG_WARN_RANGE_LOOP_ANALYSIS = YES;
				CLANG_WARN_STRICT_PROTOTYPES = YES;
				CLANG_WARN_SUSPICIOUS_MOVE = YES;
				CLANG_WARN_UNGUARDED_AVAILABILITY = YES_AGGRESSIVE;
				CLANG_WARN_UNREACHABLE_CODE = YES;
				CLANG_WARN__DUPLICATE_METHOD_MATCH = YES;
				CODE_SIGN_IDENTITY = "iPhone Developer";
				COPY_PHASE_STRIP = NO;
				DEBUG_INFORMATION_FORMAT = "dwarf-with-dsym";
				ENABLE_NS_ASSERTIONS = NO;
				ENABLE_STRICT_OBJC_MSGSEND = YES;
				GCC_C_LANGUAGE_STANDARD = gnu11;
				GCC_NO_COMMON_BLOCKS = YES;
				GCC_WARN_64_TO_32_BIT_CONVERSION = YES;
				GCC_WARN_ABOUT_RETURN_TYPE = YES_ERROR;
				GCC_WARN_UNDECLARED_SELECTOR = YES;
				GCC_WARN_UNINITIALIZED_AUTOS = YES_AGGRESSIVE;
				GCC_WARN_UNUSED_FUNCTION = YES;
				GCC_WARN_UNUSED_VARIABLE = YES;
				IPHONEOS_DEPLOYMENT_TARGET = 11.0;
				MTL_ENABLE_DEBUG_INFO = NO;
				SDKROOT = iphoneos;
				SWIFT_OPTIMIZATION_LEVEL = "-Owholemodule";
				VALIDATE_PRODUCT = YES;
			};
			name = Release;
		};
		CFCB55402059048400E4F720 /* Debug */ = {
			isa = XCBuildConfiguration;
			buildSettings = {
				ASSETCATALOG_COMPILER_APPICON_NAME = AppIcon;
				CODE_SIGN_STYLE = Automatic;
				DEVELOPMENT_TEAM = MMQCGLY2E8;
				INFOPLIST_FILE = "$(SRCROOT)/Harvard/App/SupportingFiles/Info.plist";
				IPHONEOS_DEPLOYMENT_TARGET = 11.0;
				LD_RUNPATH_SEARCH_PATHS = "$(inherited) @executable_path/Frameworks";
				PRODUCT_BUNDLE_IDENTIFIER = space.constantine.harvard;
				PRODUCT_NAME = "$(TARGET_NAME)";
				SWIFT_VERSION = 4.0;
				TARGETED_DEVICE_FAMILY = 1;
			};
			name = Debug;
		};
		CFCB55412059048400E4F720 /* Release */ = {
			isa = XCBuildConfiguration;
			buildSettings = {
				ASSETCATALOG_COMPILER_APPICON_NAME = AppIcon;
				CODE_SIGN_STYLE = Automatic;
				DEVELOPMENT_TEAM = MMQCGLY2E8;
				INFOPLIST_FILE = "$(SRCROOT)/Harvard/App/SupportingFiles/Info.plist";
				IPHONEOS_DEPLOYMENT_TARGET = 11.0;
				LD_RUNPATH_SEARCH_PATHS = "$(inherited) @executable_path/Frameworks";
				PRODUCT_BUNDLE_IDENTIFIER = space.constantine.harvard;
				PRODUCT_NAME = "$(TARGET_NAME)";
				SWIFT_VERSION = 4.0;
				TARGETED_DEVICE_FAMILY = 1;
			};
			name = Release;
		};
/* End XCBuildConfiguration section */

/* Begin XCConfigurationList section */
		CFCB55282059048400E4F720 /* Build configuration list for PBXProject "Harvard" */ = {
			isa = XCConfigurationList;
			buildConfigurations = (
				CFCB553D2059048400E4F720 /* Debug */,
				CFCB553E2059048400E4F720 /* Release */,
			);
			defaultConfigurationIsVisible = 0;
			defaultConfigurationName = Release;
		};
		CFCB553F2059048400E4F720 /* Build configuration list for PBXNativeTarget "Harvard" */ = {
			isa = XCConfigurationList;
			buildConfigurations = (
				CFCB55402059048400E4F720 /* Debug */,
				CFCB55412059048400E4F720 /* Release */,
			);
			defaultConfigurationIsVisible = 0;
			defaultConfigurationName = Release;
		};
/* End XCConfigurationList section */
	};
	rootObject = CFCB55252059048400E4F720 /* Project object */;
}
